
Microsoft Visual Studio Solution File, Format Version 12.00
# Visual Studio Version 17
VisualStudioVersion = 17.0.31903.59
MinimumVisualStudioVersion = 10.0.40219.1
Project("{2150E333-8FDC-42A3-9474-1A3956D46DE8}") = "src", "src", "{F25F60A2-83C1-4186-AA03-0D6000BCD844}"
EndProject
Project("{FAE04EC0-301F-11D3-BF4B-00C04F79EFBC}") = "Library", "src\Library\Library.csproj", "{37E11B57-7C92-4C39-9201-829CB9300C12}"
EndProject
Project("{FAE04EC0-301F-11D3-BF4B-00C04F79EFBC}") = "Program", "src\Program\Program.csproj", "{8B7D4C59-946C-48A9-8F4B-488691CD8C37}"
EndProject
Project("{2150E333-8FDC-42A3-9474-1A3956D46DE8}") = "test", "test", "{D90CC60C-C3AA-4DD2-9573-5875E9F35662}"
EndProject
Project("{FAE04EC0-301F-11D3-BF4B-00C04F79EFBC}") = "Library.Tests", "test\Library.Tests\Library.Tests.csproj", "{F81B2BB6-0D44-4D67-A0E7-0DF773CDBD9A}"
EndProject
Global
	GlobalSection(SolutionConfigurationPlatforms) = preSolution
		Debug|Any CPU = Debug|Any CPU
		Release|Any CPU = Release|Any CPU
	EndGlobalSection
	GlobalSection(SolutionProperties) = preSolution
		HideSolutionNode = FALSE
	EndGlobalSection
	GlobalSection(ProjectConfigurationPlatforms) = postSolution
		{37E11B57-7C92-4C39-9201-829CB9300C12}.Debug|Any CPU.ActiveCfg = Debug|Any CPU
		{37E11B57-7C92-4C39-9201-829CB9300C12}.Debug|Any CPU.Build.0 = Debug|Any CPU
		{37E11B57-7C92-4C39-9201-829CB9300C12}.Release|Any CPU.ActiveCfg = Release|Any CPU
		{37E11B57-7C92-4C39-9201-829CB9300C12}.Release|Any CPU.Build.0 = Release|Any CPU
		{8B7D4C59-946C-48A9-8F4B-488691CD8C37}.Debug|Any CPU.ActiveCfg = Debug|Any CPU
		{8B7D4C59-946C-48A9-8F4B-488691CD8C37}.Debug|Any CPU.Build.0 = Debug|Any CPU
		{8B7D4C59-946C-48A9-8F4B-488691CD8C37}.Release|Any CPU.ActiveCfg = Release|Any CPU
		{8B7D4C59-946C-48A9-8F4B-488691CD8C37}.Release|Any CPU.Build.0 = Release|Any CPU
		{F81B2BB6-0D44-4D67-A0E7-0DF773CDBD9A}.Debug|Any CPU.ActiveCfg = Debug|Any CPU
		{F81B2BB6-0D44-4D67-A0E7-0DF773CDBD9A}.Debug|Any CPU.Build.0 = Debug|Any CPU
		{F81B2BB6-0D44-4D67-A0E7-0DF773CDBD9A}.Release|Any CPU.ActiveCfg = Release|Any CPU
		{F81B2BB6-0D44-4D67-A0E7-0DF773CDBD9A}.Release|Any CPU.Build.0 = Release|Any CPU
	EndGlobalSection
	GlobalSection(NestedProjects) = preSolution
		{37E11B57-7C92-4C39-9201-829CB9300C12} = {F25F60A2-83C1-4186-AA03-0D6000BCD844}
		{8B7D4C59-946C-48A9-8F4B-488691CD8C37} = {F25F60A2-83C1-4186-AA03-0D6000BCD844}
		{F81B2BB6-0D44-4D67-A0E7-0DF773CDBD9A} = {D90CC60C-C3AA-4DD2-9573-5875E9F35662}
	EndGlobalSection
EndGlobal
